
Microsoft Visual Studio Solution File, Format Version 12.00
# Visual Studio Version 16
VisualStudioVersion = 16.0.30717.126
MinimumVisualStudioVersion = 10.0.40219.1
Project("{FAE04EC0-301F-11D3-BF4B-00C04F79EFBC}") = "ChessInterview", "ChessInterview.csproj", "{EE47A9B4-7671-4B59-B62A-B94C6F04BA3D}"
EndProject
Project("{FAE04EC0-301F-11D3-BF4B-00C04F79EFBC}") = "ChessInterview.Entities", "..\ChessInterview.Entities\ChessInterview.Entities.csproj", "{44B8944E-EE89-4F0B-9AD0-CCD903091683}"
EndProject
Project("{FAE04EC0-301F-11D3-BF4B-00C04F79EFBC}") = "ChessInterview.API", "..\ChessInterview.API\ChessInterview.API.csproj", "{8A8C41BC-9B83-4867-BD5C-E4EBB477739D}"
EndProject
Project("{FAE04EC0-301F-11D3-BF4B-00C04F79EFBC}") = "ChessInterview.UnitTests", "..\ChessInterview.UnitTests\ChessInterview.UnitTests.csproj", "{8762D8D9-816A-405E-955D-6ECED9632D92}"
EndProject
Global
	GlobalSection(SolutionConfigurationPlatforms) = preSolution
		Debug|Any CPU = Debug|Any CPU
		Release|Any CPU = Release|Any CPU
	EndGlobalSection
	GlobalSection(ProjectConfigurationPlatforms) = postSolution
		{EE47A9B4-7671-4B59-B62A-B94C6F04BA3D}.Debug|Any CPU.ActiveCfg = Debug|Any CPU
		{EE47A9B4-7671-4B59-B62A-B94C6F04BA3D}.Debug|Any CPU.Build.0 = Debug|Any CPU
		{EE47A9B4-7671-4B59-B62A-B94C6F04BA3D}.Release|Any CPU.ActiveCfg = Release|Any CPU
		{EE47A9B4-7671-4B59-B62A-B94C6F04BA3D}.Release|Any CPU.Build.0 = Release|Any CPU
		{44B8944E-EE89-4F0B-9AD0-CCD903091683}.Debug|Any CPU.ActiveCfg = Debug|Any CPU
		{44B8944E-EE89-4F0B-9AD0-CCD903091683}.Debug|Any CPU.Build.0 = Debug|Any CPU
		{44B8944E-EE89-4F0B-9AD0-CCD903091683}.Release|Any CPU.ActiveCfg = Release|Any CPU
		{44B8944E-EE89-4F0B-9AD0-CCD903091683}.Release|Any CPU.Build.0 = Release|Any CPU
		{8A8C41BC-9B83-4867-BD5C-E4EBB477739D}.Debug|Any CPU.ActiveCfg = Debug|Any CPU
		{8A8C41BC-9B83-4867-BD5C-E4EBB477739D}.Debug|Any CPU.Build.0 = Debug|Any CPU
		{8A8C41BC-9B83-4867-BD5C-E4EBB477739D}.Release|Any CPU.ActiveCfg = Release|Any CPU
		{8A8C41BC-9B83-4867-BD5C-E4EBB477739D}.Release|Any CPU.Build.0 = Release|Any CPU
		{8762D8D9-816A-405E-955D-6ECED9632D92}.Debug|Any CPU.ActiveCfg = Debug|Any CPU
		{8762D8D9-816A-405E-955D-6ECED9632D92}.Debug|Any CPU.Build.0 = Debug|Any CPU
		{8762D8D9-816A-405E-955D-6ECED9632D92}.Release|Any CPU.ActiveCfg = Release|Any CPU
		{8762D8D9-816A-405E-955D-6ECED9632D92}.Release|Any CPU.Build.0 = Release|Any CPU
	EndGlobalSection
	GlobalSection(SolutionProperties) = preSolution
		HideSolutionNode = FALSE
	EndGlobalSection
	GlobalSection(ExtensibilityGlobals) = postSolution
		SolutionGuid = {953290BA-212B-4F00-995B-4F24075AB5F3}
	EndGlobalSection
EndGlobal
